
Microsoft Visual Studio Solution File, Format Version 12.00
# Visual Studio 2012
Project("{FAE04EC0-301F-11D3-BF4B-00C04F79EFBC}") = "mms", "MMS\mms.csproj", "{42571862-37FB-4DF3-9F2C-64C7EEACDB58}"
EndProject
Project("{FAE04EC0-301F-11D3-BF4B-00C04F79EFBC}") = "Telerik.Web.UI", "Telerik.Web.UI\Telerik.Web.UI.csproj", "{F1250B80-A7A2-4150-B5C0-2AF62CECC31C}"
EndProject
Project("{FAE04EC0-301F-11D3-BF4B-00C04F79EFBC}") = "Telerik.Web.UI.Skins", "Telerik.Web.UI.Skins\Telerik.Web.UI.Skins.csproj", "{D27BC1B9-C301-4097-92EC-DAEE10D14BC3}"
EndProject
Global
	GlobalSection(SolutionConfigurationPlatforms) = preSolution
		Debug|Any CPU = Debug|Any CPU
		Debug|Mixed Platforms = Debug|Mixed Platforms
		Debug|x86 = Debug|x86
		Debug-NET40|Any CPU = Debug-NET40|Any CPU
		Debug-NET40|Mixed Platforms = Debug-NET40|Mixed Platforms
		Debug-NET40|x86 = Debug-NET40|x86
		Debug-NET45|Any CPU = Debug-NET45|Any CPU
		Debug-NET45|Mixed Platforms = Debug-NET45|Mixed Platforms
		Debug-NET45|x86 = Debug-NET45|x86
		Release|Any CPU = Release|Any CPU
		Release|Mixed Platforms = Release|Mixed Platforms
		Release|x86 = Release|x86
		Release-NET40|Any CPU = Release-NET40|Any CPU
		Release-NET40|Mixed Platforms = Release-NET40|Mixed Platforms
		Release-NET40|x86 = Release-NET40|x86
		Release-NET45|Any CPU = Release-NET45|Any CPU
		Release-NET45|Mixed Platforms = Release-NET45|Mixed Platforms
		Release-NET45|x86 = Release-NET45|x86
	EndGlobalSection
	GlobalSection(ProjectConfigurationPlatforms) = postSolution
		{42571862-37FB-4DF3-9F2C-64C7EEACDB58}.Debug|Any CPU.ActiveCfg = Debug|Any CPU
		{42571862-37FB-4DF3-9F2C-64C7EEACDB58}.Debug|Any CPU.Build.0 = Debug|Any CPU
		{42571862-37FB-4DF3-9F2C-64C7EEACDB58}.Debug|Mixed Platforms.ActiveCfg = Debug|Any CPU
		{42571862-37FB-4DF3-9F2C-64C7EEACDB58}.Debug|Mixed Platforms.Build.0 = Debug|Any CPU
		{42571862-37FB-4DF3-9F2C-64C7EEACDB58}.Debug|x86.ActiveCfg = Debug|Any CPU
		{42571862-37FB-4DF3-9F2C-64C7EEACDB58}.Debug-NET40|Any CPU.ActiveCfg = Debug|Any CPU
		{42571862-37FB-4DF3-9F2C-64C7EEACDB58}.Debug-NET40|Any CPU.Build.0 = Debug|Any CPU
		{42571862-37FB-4DF3-9F2C-64C7EEACDB58}.Debug-NET40|Mixed Platforms.ActiveCfg = Debug|Any CPU
		{42571862-37FB-4DF3-9F2C-64C7EEACDB58}.Debug-NET40|Mixed Platforms.Build.0 = Debug|Any CPU
		{42571862-37FB-4DF3-9F2C-64C7EEACDB58}.Debug-NET40|x86.ActiveCfg = Debug|Any CPU
		{42571862-37FB-4DF3-9F2C-64C7EEACDB58}.Debug-NET45|Any CPU.ActiveCfg = Debug|Any CPU
		{42571862-37FB-4DF3-9F2C-64C7EEACDB58}.Debug-NET45|Any CPU.Build.0 = Debug|Any CPU
		{42571862-37FB-4DF3-9F2C-64C7EEACDB58}.Debug-NET45|Mixed Platforms.ActiveCfg = Debug|Any CPU
		{42571862-37FB-4DF3-9F2C-64C7EEACDB58}.Debug-NET45|Mixed Platforms.Build.0 = Debug|Any CPU
		{42571862-37FB-4DF3-9F2C-64C7EEACDB58}.Debug-NET45|x86.ActiveCfg = Debug|Any CPU
		{42571862-37FB-4DF3-9F2C-64C7EEACDB58}.Release|Any CPU.ActiveCfg = Release|Any CPU
		{42571862-37FB-4DF3-9F2C-64C7EEACDB58}.Release|Any CPU.Build.0 = Release|Any CPU
		{42571862-37FB-4DF3-9F2C-64C7EEACDB58}.Release|Mixed Platforms.ActiveCfg = Release|Any CPU
		{42571862-37FB-4DF3-9F2C-64C7EEACDB58}.Release|Mixed Platforms.Build.0 = Release|Any CPU
		{42571862-37FB-4DF3-9F2C-64C7EEACDB58}.Release|x86.ActiveCfg = Release|Any CPU
		{42571862-37FB-4DF3-9F2C-64C7EEACDB58}.Release-NET40|Any CPU.ActiveCfg = Release|Any CPU
		{42571862-37FB-4DF3-9F2C-64C7EEACDB58}.Release-NET40|Any CPU.Build.0 = Release|Any CPU
		{42571862-37FB-4DF3-9F2C-64C7EEACDB58}.Release-NET40|Mixed Platforms.ActiveCfg = Release|Any CPU
		{42571862-37FB-4DF3-9F2C-64C7EEACDB58}.Release-NET40|Mixed Platforms.Build.0 = Release|Any CPU
		{42571862-37FB-4DF3-9F2C-64C7EEACDB58}.Release-NET40|x86.ActiveCfg = Release|Any CPU
		{42571862-37FB-4DF3-9F2C-64C7EEACDB58}.Release-NET45|Any CPU.ActiveCfg = Release|Any CPU
		{42571862-37FB-4DF3-9F2C-64C7EEACDB58}.Release-NET45|Any CPU.Build.0 = Release|Any CPU
		{42571862-37FB-4DF3-9F2C-64C7EEACDB58}.Release-NET45|Mixed Platforms.ActiveCfg = Release|Any CPU
		{42571862-37FB-4DF3-9F2C-64C7EEACDB58}.Release-NET45|Mixed Platforms.Build.0 = Release|Any CPU
		{42571862-37FB-4DF3-9F2C-64C7EEACDB58}.Release-NET45|x86.ActiveCfg = Release|Any CPU
		{F1250B80-A7A2-4150-B5C0-2AF62CECC31C}.Debug|Any CPU.ActiveCfg = Debug|Any CPU
		{F1250B80-A7A2-4150-B5C0-2AF62CECC31C}.Debug|Any CPU.Build.0 = Debug|Any CPU
		{F1250B80-A7A2-4150-B5C0-2AF62CECC31C}.Debug|Mixed Platforms.ActiveCfg = Debug|Any CPU
		{F1250B80-A7A2-4150-B5C0-2AF62CECC31C}.Debug|Mixed Platforms.Build.0 = Debug|Any CPU
		{F1250B80-A7A2-4150-B5C0-2AF62CECC31C}.Debug|x86.ActiveCfg = Debug|Any CPU
		{F1250B80-A7A2-4150-B5C0-2AF62CECC31C}.Debug-NET40|Any CPU.ActiveCfg = Debug-NET40|Any CPU
		{F1250B80-A7A2-4150-B5C0-2AF62CECC31C}.Debug-NET40|Any CPU.Build.0 = Debug-NET40|Any CPU
		{F1250B80-A7A2-4150-B5C0-2AF62CECC31C}.Debug-NET40|Mixed Platforms.ActiveCfg = Debug-NET40|Any CPU
		{F1250B80-A7A2-4150-B5C0-2AF62CECC31C}.Debug-NET40|Mixed Platforms.Build.0 = Debug-NET40|Any CPU
		{F1250B80-A7A2-4150-B5C0-2AF62CECC31C}.Debug-NET40|x86.ActiveCfg = Debug-NET40|Any CPU
		{F1250B80-A7A2-4150-B5C0-2AF62CECC31C}.Debug-NET45|Any CPU.ActiveCfg = Debug-NET45|Any CPU
		{F1250B80-A7A2-4150-B5C0-2AF62CECC31C}.Debug-NET45|Any CPU.Build.0 = Debug-NET45|Any CPU
		{F1250B80-A7A2-4150-B5C0-2AF62CECC31C}.Debug-NET45|Mixed Platforms.ActiveCfg = Debug-NET45|Any CPU
		{F1250B80-A7A2-4150-B5C0-2AF62CECC31C}.Debug-NET45|Mixed Platforms.Build.0 = Debug-NET45|Any CPU
		{F1250B80-A7A2-4150-B5C0-2AF62CECC31C}.Debug-NET45|x86.ActiveCfg = Debug-NET45|Any CPU
		{F1250B80-A7A2-4150-B5C0-2AF62CECC31C}.Release|Any CPU.ActiveCfg = Release|Any CPU
		{F1250B80-A7A2-4150-B5C0-2AF62CECC31C}.Release|Any CPU.Build.0 = Release|Any CPU
		{F1250B80-A7A2-4150-B5C0-2AF62CECC31C}.Release|Mixed Platforms.ActiveCfg = Release|Any CPU
		{F1250B80-A7A2-4150-B5C0-2AF62CECC31C}.Release|Mixed Platforms.Build.0 = Release|Any CPU
		{F1250B80-A7A2-4150-B5C0-2AF62CECC31C}.Release|x86.ActiveCfg = Release|Any CPU
		{F1250B80-A7A2-4150-B5C0-2AF62CECC31C}.Release-NET40|Any CPU.ActiveCfg = Release-NET40|Any CPU
		{F1250B80-A7A2-4150-B5C0-2AF62CECC31C}.Release-NET40|Any CPU.Build.0 = Release-NET40|Any CPU
		{F1250B80-A7A2-4150-B5C0-2AF62CECC31C}.Release-NET40|Mixed Platforms.ActiveCfg = Release-NET40|Any CPU
		{F1250B80-A7A2-4150-B5C0-2AF62CECC31C}.Release-NET40|Mixed Platforms.Build.0 = Release-NET40|Any CPU
		{F1250B80-A7A2-4150-B5C0-2AF62CECC31C}.Release-NET40|x86.ActiveCfg = Release-NET40|Any CPU
		{F1250B80-A7A2-4150-B5C0-2AF62CECC31C}.Release-NET45|Any CPU.ActiveCfg = Release-NET45|Any CPU
		{F1250B80-A7A2-4150-B5C0-2AF62CECC31C}.Release-NET45|Any CPU.Build.0 = Release-NET45|Any CPU
		{F1250B80-A7A2-4150-B5C0-2AF62CECC31C}.Release-NET45|Mixed Platforms.ActiveCfg = Release-NET45|Any CPU
		{F1250B80-A7A2-4150-B5C0-2AF62CECC31C}.Release-NET45|Mixed Platforms.Build.0 = Release-NET45|Any CPU
		{F1250B80-A7A2-4150-B5C0-2AF62CECC31C}.Release-NET45|x86.ActiveCfg = Release-NET45|Any CPU
		{D27BC1B9-C301-4097-92EC-DAEE10D14BC3}.Debug|Any CPU.ActiveCfg = Debug|Any CPU
		{D27BC1B9-C301-4097-92EC-DAEE10D14BC3}.Debug|Any CPU.Build.0 = Debug|Any CPU
		{D27BC1B9-C301-4097-92EC-DAEE10D14BC3}.Debug|Mixed Platforms.ActiveCfg = Debug|Any CPU
		{D27BC1B9-C301-4097-92EC-DAEE10D14BC3}.Debug|Mixed Platforms.Build.0 = Debug|Any CPU
		{D27BC1B9-C301-4097-92EC-DAEE10D14BC3}.Debug|x86.ActiveCfg = Debug|Any CPU
		{D27BC1B9-C301-4097-92EC-DAEE10D14BC3}.Debug-NET40|Any CPU.ActiveCfg = Debug-NET40|Any CPU
		{D27BC1B9-C301-4097-92EC-DAEE10D14BC3}.Debug-NET40|Any CPU.Build.0 = Debug-NET40|Any CPU
		{D27BC1B9-C301-4097-92EC-DAEE10D14BC3}.Debug-NET40|Mixed Platforms.ActiveCfg = Debug-NET40|Any CPU
		{D27BC1B9-C301-4097-92EC-DAEE10D14BC3}.Debug-NET40|Mixed Platforms.Build.0 = Debug-NET40|Any CPU
		{D27BC1B9-C301-4097-92EC-DAEE10D14BC3}.Debug-NET40|x86.ActiveCfg = Debug-NET40|Any CPU
		{D27BC1B9-C301-4097-92EC-DAEE10D14BC3}.Debug-NET45|Any CPU.ActiveCfg = Debug-NET45|Any CPU
		{D27BC1B9-C301-4097-92EC-DAEE10D14BC3}.Debug-NET45|Any CPU.Build.0 = Debug-NET45|Any CPU
		{D27BC1B9-C301-4097-92EC-DAEE10D14BC3}.Debug-NET45|Mixed Platforms.ActiveCfg = Debug-NET45|Any CPU
		{D27BC1B9-C301-4097-92EC-DAEE10D14BC3}.Debug-NET45|Mixed Platforms.Build.0 = Debug-NET45|Any CPU
		{D27BC1B9-C301-4097-92EC-DAEE10D14BC3}.Debug-NET45|x86.ActiveCfg = Debug-NET45|Any CPU
		{D27BC1B9-C301-4097-92EC-DAEE10D14BC3}.Release|Any CPU.ActiveCfg = Release|Any CPU
		{D27BC1B9-C301-4097-92EC-DAEE10D14BC3}.Release|Any CPU.Build.0 = Release|Any CPU
		{D27BC1B9-C301-4097-92EC-DAEE10D14BC3}.Release|Mixed Platforms.ActiveCfg = Release|Any CPU
		{D27BC1B9-C301-4097-92EC-DAEE10D14BC3}.Release|Mixed Platforms.Build.0 = Release|Any CPU
		{D27BC1B9-C301-4097-92EC-DAEE10D14BC3}.Release|x86.ActiveCfg = Release|Any CPU
		{D27BC1B9-C301-4097-92EC-DAEE10D14BC3}.Release-NET40|Any CPU.ActiveCfg = Release-NET40|Any CPU
		{D27BC1B9-C301-4097-92EC-DAEE10D14BC3}.Release-NET40|Any CPU.Build.0 = Release-NET40|Any CPU
		{D27BC1B9-C301-4097-92EC-DAEE10D14BC3}.Release-NET40|Mixed Platforms.ActiveCfg = Release-NET40|Any CPU
		{D27BC1B9-C301-4097-92EC-DAEE10D14BC3}.Release-NET40|Mixed Platforms.Build.0 = Release-NET40|Any CPU
		{D27BC1B9-C301-4097-92EC-DAEE10D14BC3}.Release-NET40|x86.ActiveCfg = Release-NET40|Any CPU
		{D27BC1B9-C301-4097-92EC-DAEE10D14BC3}.Release-NET45|Any CPU.ActiveCfg = Release-NET45|Any CPU
		{D27BC1B9-C301-4097-92EC-DAEE10D14BC3}.Release-NET45|Any CPU.Build.0 = Release-NET45|Any CPU
		{D27BC1B9-C301-4097-92EC-DAEE10D14BC3}.Release-NET45|Mixed Platforms.ActiveCfg = Release-NET45|Any CPU
		{D27BC1B9-C301-4097-92EC-DAEE10D14BC3}.Release-NET45|Mixed Platforms.Build.0 = Release-NET45|Any CPU
		{D27BC1B9-C301-4097-92EC-DAEE10D14BC3}.Release-NET45|x86.ActiveCfg = Release-NET45|Any CPU
	EndGlobalSection
	GlobalSection(SolutionProperties) = preSolution
		HideSolutionNode = FALSE
	EndGlobalSection
EndGlobal
